
Microsoft Visual Studio Solution File, Format Version 12.00
# Visual Studio Version 17
VisualStudioVersion = 17.0.32112.339
MinimumVisualStudioVersion = 10.0.40219.1
Project("{9A19103F-16F7-4668-BE54-9A1E7A4F7556}") = "OzonCardService", "OzonCardService\OzonCardService.csproj", "{23E004A9-5346-4E89-AD45-383C5B53650C}"
	ProjectSection(ProjectDependencies) = postProject
		{6AC597F0-256D-4737-B838-633932E88A10} = {6AC597F0-256D-4737-B838-633932E88A10}
	EndProjectSection
EndProject
Project("{FAE04EC0-301F-11D3-BF4B-00C04F79EFBC}") = "OzonCard.Data", "OzonCard.Data\OzonCard.Data.csproj", "{E8C9DE0A-E5E4-4461-9647-B8E27DC6D701}"
EndProject
Project("{FAE04EC0-301F-11D3-BF4B-00C04F79EFBC}") = "OzonCard.Context", "OzonCard.Context\OzonCard.Context.csproj", "{19E9A309-CA2B-4C2A-9243-786DF33F0C92}"
EndProject
Project("{FAE04EC0-301F-11D3-BF4B-00C04F79EFBC}") = "OzonCard.Common", "OzonCard.Common\OzonCard.Common.csproj", "{0E9BB7F7-3769-45AD-958E-0C7FA7D212AD}"
EndProject
Project("{FAE04EC0-301F-11D3-BF4B-00C04F79EFBC}") = "OzonCard.BizClient", "OzonCard.BizClient\OzonCard.BizClient.csproj", "{3C3B7420-38D6-4B95-99D4-1CB7377D54BF}"
EndProject
Project("{FAE04EC0-301F-11D3-BF4B-00C04F79EFBC}") = "OzonCard.Logger", "OzonCard.Logger\OzonCard.Logger.csproj", "{8A425937-C0E3-48DB-8B24-01056377F255}"
EndProject
Project("{FAE04EC0-301F-11D3-BF4B-00C04F79EFBC}") = "OzonCard.Excel", "OzonCard.Excel\OzonCard.Excel.csproj", "{6AC597F0-256D-4737-B838-633932E88A10}"
EndProject
Project("{2150E333-8FDC-42A3-9474-1A3956D46DE8}") = "old", "old", "{931B2EE1-8124-4EDB-9B57-524BCB109A57}"
EndProject
Project("{FAE04EC0-301F-11D3-BF4B-00C04F79EFBC}") = "OzonCard.Customer.Api", "src\net\OzonCard.Customer.Api\OzonCard.Customer.Api.csproj", "{0071E526-5C9E-47ED-8EB5-B3A6E8C86F70}"
EndProject
Project("{2150E333-8FDC-42A3-9474-1A3956D46DE8}") = "common", "common", "{DF6C596F-ED44-4C31-849E-130B8DC6D0E2}"
EndProject
Project("{FAE04EC0-301F-11D3-BF4B-00C04F79EFBC}") = "OzonCard.Common.Core", "src\net\OzonCard.Common.Core\OzonCard.Common.Core.csproj", "{E52D4A46-1737-45B6-9DFF-C3C3697D420A}"
EndProject
Project("{FAE04EC0-301F-11D3-BF4B-00C04F79EFBC}") = "OzonCard.Common.Domain", "src\net\OzonCard.Common.Domain\OzonCard.Common.Domain.csproj", "{7B81018E-FD6B-4B06-A6E5-BC497158A872}"
EndProject
Project("{FAE04EC0-301F-11D3-BF4B-00C04F79EFBC}") = "OzonCard.Common.Infrastructure", "src\net\OzonCard.Common.Infrastructure\OzonCard.Common.Infrastructure.csproj", "{4C5E9E80-F06A-4577-96C1-8D83F9E3275E}"
EndProject
Project("{FAE04EC0-301F-11D3-BF4B-00C04F79EFBC}") = "OzonCard.Common.Logging", "src\net\OzonCard.Common.Logging\OzonCard.Common.Logging.csproj", "{1967CA8D-8EA1-4865-8CA0-701653F6E201}"
EndProject
Project("{FAE04EC0-301F-11D3-BF4B-00C04F79EFBC}") = "OzonCard.Common.Application", "src\net\OzonCard.Common.Application\OzonCard.Common.Application.csproj", "{946A42A6-9946-4D9A-9B31-957A5ABABF7D}"
EndProject
Project("{2150E333-8FDC-42A3-9474-1A3956D46DE8}") = "Integrations", "Integrations", "{77E4F909-887A-4988-A266-60B28B0E5056}"
EndProject
Project("{2150E333-8FDC-42A3-9474-1A3956D46DE8}") = "Csv", "Csv", "{F11BED19-4C0F-4E49-9EB8-DCA44B4C28C7}"
EndProject
Project("{FAE04EC0-301F-11D3-BF4B-00C04F79EFBC}") = "OzonCard.Excel", "src\net\OzonCard.Excel\OzonCard.Excel.csproj", "{D5DA6451-018A-4555-AE66-7F12BC1464B4}"
EndProject
Project("{FAE04EC0-301F-11D3-BF4B-00C04F79EFBC}") = "OzonCard.Biz.Client", "src\net\OzonCard.Biz.Client\OzonCard.Biz.Client.csproj", "{47C8D963-11B9-42F7-BB27-3B652BEFDB01}"
EndProject
Global
	GlobalSection(SolutionConfigurationPlatforms) = preSolution
		Debug|Any CPU = Debug|Any CPU
		Release|Any CPU = Release|Any CPU
	EndGlobalSection
	GlobalSection(ProjectConfigurationPlatforms) = postSolution
		{23E004A9-5346-4E89-AD45-383C5B53650C}.Debug|Any CPU.ActiveCfg = Debug|Any CPU
		{23E004A9-5346-4E89-AD45-383C5B53650C}.Debug|Any CPU.Build.0 = Debug|Any CPU
		{23E004A9-5346-4E89-AD45-383C5B53650C}.Release|Any CPU.ActiveCfg = Release|Any CPU
		{23E004A9-5346-4E89-AD45-383C5B53650C}.Release|Any CPU.Build.0 = Release|Any CPU
		{E8C9DE0A-E5E4-4461-9647-B8E27DC6D701}.Debug|Any CPU.ActiveCfg = Debug|Any CPU
		{E8C9DE0A-E5E4-4461-9647-B8E27DC6D701}.Debug|Any CPU.Build.0 = Debug|Any CPU
		{E8C9DE0A-E5E4-4461-9647-B8E27DC6D701}.Release|Any CPU.ActiveCfg = Release|Any CPU
		{E8C9DE0A-E5E4-4461-9647-B8E27DC6D701}.Release|Any CPU.Build.0 = Release|Any CPU
		{19E9A309-CA2B-4C2A-9243-786DF33F0C92}.Debug|Any CPU.ActiveCfg = Debug|Any CPU
		{19E9A309-CA2B-4C2A-9243-786DF33F0C92}.Debug|Any CPU.Build.0 = Debug|Any CPU
		{19E9A309-CA2B-4C2A-9243-786DF33F0C92}.Release|Any CPU.ActiveCfg = Release|Any CPU
		{19E9A309-CA2B-4C2A-9243-786DF33F0C92}.Release|Any CPU.Build.0 = Release|Any CPU
		{0E9BB7F7-3769-45AD-958E-0C7FA7D212AD}.Debug|Any CPU.ActiveCfg = Debug|Any CPU
		{0E9BB7F7-3769-45AD-958E-0C7FA7D212AD}.Debug|Any CPU.Build.0 = Debug|Any CPU
		{0E9BB7F7-3769-45AD-958E-0C7FA7D212AD}.Release|Any CPU.ActiveCfg = Release|Any CPU
		{0E9BB7F7-3769-45AD-958E-0C7FA7D212AD}.Release|Any CPU.Build.0 = Release|Any CPU
		{3C3B7420-38D6-4B95-99D4-1CB7377D54BF}.Debug|Any CPU.ActiveCfg = Debug|Any CPU
		{3C3B7420-38D6-4B95-99D4-1CB7377D54BF}.Debug|Any CPU.Build.0 = Debug|Any CPU
		{3C3B7420-38D6-4B95-99D4-1CB7377D54BF}.Release|Any CPU.ActiveCfg = Release|Any CPU
		{3C3B7420-38D6-4B95-99D4-1CB7377D54BF}.Release|Any CPU.Build.0 = Release|Any CPU
		{8A425937-C0E3-48DB-8B24-01056377F255}.Debug|Any CPU.ActiveCfg = Debug|Any CPU
		{8A425937-C0E3-48DB-8B24-01056377F255}.Debug|Any CPU.Build.0 = Debug|Any CPU
		{8A425937-C0E3-48DB-8B24-01056377F255}.Release|Any CPU.ActiveCfg = Release|Any CPU
		{8A425937-C0E3-48DB-8B24-01056377F255}.Release|Any CPU.Build.0 = Release|Any CPU
		{6AC597F0-256D-4737-B838-633932E88A10}.Debug|Any CPU.ActiveCfg = Debug|Any CPU
		{6AC597F0-256D-4737-B838-633932E88A10}.Debug|Any CPU.Build.0 = Debug|Any CPU
		{6AC597F0-256D-4737-B838-633932E88A10}.Release|Any CPU.ActiveCfg = Release|Any CPU
		{6AC597F0-256D-4737-B838-633932E88A10}.Release|Any CPU.Build.0 = Release|Any CPU
		{0071E526-5C9E-47ED-8EB5-B3A6E8C86F70}.Debug|Any CPU.ActiveCfg = Debug|Any CPU
		{0071E526-5C9E-47ED-8EB5-B3A6E8C86F70}.Debug|Any CPU.Build.0 = Debug|Any CPU
		{0071E526-5C9E-47ED-8EB5-B3A6E8C86F70}.Release|Any CPU.ActiveCfg = Release|Any CPU
		{0071E526-5C9E-47ED-8EB5-B3A6E8C86F70}.Release|Any CPU.Build.0 = Release|Any CPU
		{E52D4A46-1737-45B6-9DFF-C3C3697D420A}.Debug|Any CPU.ActiveCfg = Debug|Any CPU
		{E52D4A46-1737-45B6-9DFF-C3C3697D420A}.Debug|Any CPU.Build.0 = Debug|Any CPU
		{E52D4A46-1737-45B6-9DFF-C3C3697D420A}.Release|Any CPU.ActiveCfg = Release|Any CPU
		{E52D4A46-1737-45B6-9DFF-C3C3697D420A}.Release|Any CPU.Build.0 = Release|Any CPU
		{7B81018E-FD6B-4B06-A6E5-BC497158A872}.Debug|Any CPU.ActiveCfg = Debug|Any CPU
		{7B81018E-FD6B-4B06-A6E5-BC497158A872}.Debug|Any CPU.Build.0 = Debug|Any CPU
		{7B81018E-FD6B-4B06-A6E5-BC497158A872}.Release|Any CPU.ActiveCfg = Release|Any CPU
		{7B81018E-FD6B-4B06-A6E5-BC497158A872}.Release|Any CPU.Build.0 = Release|Any CPU
		{4C5E9E80-F06A-4577-96C1-8D83F9E3275E}.Debug|Any CPU.ActiveCfg = Debug|Any CPU
		{4C5E9E80-F06A-4577-96C1-8D83F9E3275E}.Debug|Any CPU.Build.0 = Debug|Any CPU
		{4C5E9E80-F06A-4577-96C1-8D83F9E3275E}.Release|Any CPU.ActiveCfg = Release|Any CPU
		{4C5E9E80-F06A-4577-96C1-8D83F9E3275E}.Release|Any CPU.Build.0 = Release|Any CPU
		{1967CA8D-8EA1-4865-8CA0-701653F6E201}.Debug|Any CPU.ActiveCfg = Debug|Any CPU
		{1967CA8D-8EA1-4865-8CA0-701653F6E201}.Debug|Any CPU.Build.0 = Debug|Any CPU
		{1967CA8D-8EA1-4865-8CA0-701653F6E201}.Release|Any CPU.ActiveCfg = Release|Any CPU
		{1967CA8D-8EA1-4865-8CA0-701653F6E201}.Release|Any CPU.Build.0 = Release|Any CPU
		{946A42A6-9946-4D9A-9B31-957A5ABABF7D}.Debug|Any CPU.ActiveCfg = Debug|Any CPU
		{946A42A6-9946-4D9A-9B31-957A5ABABF7D}.Debug|Any CPU.Build.0 = Debug|Any CPU
		{946A42A6-9946-4D9A-9B31-957A5ABABF7D}.Release|Any CPU.ActiveCfg = Release|Any CPU
		{946A42A6-9946-4D9A-9B31-957A5ABABF7D}.Release|Any CPU.Build.0 = Release|Any CPU
		{D5DA6451-018A-4555-AE66-7F12BC1464B4}.Debug|Any CPU.ActiveCfg = Debug|Any CPU
		{D5DA6451-018A-4555-AE66-7F12BC1464B4}.Debug|Any CPU.Build.0 = Debug|Any CPU
		{D5DA6451-018A-4555-AE66-7F12BC1464B4}.Release|Any CPU.ActiveCfg = Release|Any CPU
		{D5DA6451-018A-4555-AE66-7F12BC1464B4}.Release|Any CPU.Build.0 = Release|Any CPU
		{47C8D963-11B9-42F7-BB27-3B652BEFDB01}.Debug|Any CPU.ActiveCfg = Debug|Any CPU
		{47C8D963-11B9-42F7-BB27-3B652BEFDB01}.Debug|Any CPU.Build.0 = Debug|Any CPU
		{47C8D963-11B9-42F7-BB27-3B652BEFDB01}.Release|Any CPU.ActiveCfg = Release|Any CPU
		{47C8D963-11B9-42F7-BB27-3B652BEFDB01}.Release|Any CPU.Build.0 = Release|Any CPU
	EndGlobalSection
	GlobalSection(SolutionProperties) = preSolution
		HideSolutionNode = FALSE
	EndGlobalSection
	GlobalSection(ExtensibilityGlobals) = postSolution
		SolutionGuid = {24E66748-315F-40D3-9C4F-DFF1516F675D}
	EndGlobalSection
	GlobalSection(NestedProjects) = preSolution
		{3C3B7420-38D6-4B95-99D4-1CB7377D54BF} = {931B2EE1-8124-4EDB-9B57-524BCB109A57}
		{0E9BB7F7-3769-45AD-958E-0C7FA7D212AD} = {931B2EE1-8124-4EDB-9B57-524BCB109A57}
		{19E9A309-CA2B-4C2A-9243-786DF33F0C92} = {931B2EE1-8124-4EDB-9B57-524BCB109A57}
		{E8C9DE0A-E5E4-4461-9647-B8E27DC6D701} = {931B2EE1-8124-4EDB-9B57-524BCB109A57}
		{6AC597F0-256D-4737-B838-633932E88A10} = {931B2EE1-8124-4EDB-9B57-524BCB109A57}
		{8A425937-C0E3-48DB-8B24-01056377F255} = {931B2EE1-8124-4EDB-9B57-524BCB109A57}
		{23E004A9-5346-4E89-AD45-383C5B53650C} = {931B2EE1-8124-4EDB-9B57-524BCB109A57}
		{E52D4A46-1737-45B6-9DFF-C3C3697D420A} = {DF6C596F-ED44-4C31-849E-130B8DC6D0E2}
		{7B81018E-FD6B-4B06-A6E5-BC497158A872} = {DF6C596F-ED44-4C31-849E-130B8DC6D0E2}
		{4C5E9E80-F06A-4577-96C1-8D83F9E3275E} = {DF6C596F-ED44-4C31-849E-130B8DC6D0E2}
		{1967CA8D-8EA1-4865-8CA0-701653F6E201} = {DF6C596F-ED44-4C31-849E-130B8DC6D0E2}
		{946A42A6-9946-4D9A-9B31-957A5ABABF7D} = {DF6C596F-ED44-4C31-849E-130B8DC6D0E2}
		{D5DA6451-018A-4555-AE66-7F12BC1464B4} = {F11BED19-4C0F-4E49-9EB8-DCA44B4C28C7}
		{47C8D963-11B9-42F7-BB27-3B652BEFDB01} = {77E4F909-887A-4988-A266-60B28B0E5056}
	EndGlobalSection
EndGlobal
